
Microsoft Visual Studio Solution File, Format Version 12.00
# Visual Studio Version 16
VisualStudioVersion = 16.0.31624.102
MinimumVisualStudioVersion = 10.0.40219.1
Project("{FAE04EC0-301F-11D3-BF4B-00C04F79EFBC}") = "MonthlyReportEntrySoftware", "MonthlyReportEntrySoftware\MonthlyReportEntrySoftware.csproj", "{853B3DA6-C098-40C0-978B-1258198E5731}"
EndProject
Global
	GlobalSection(SolutionConfigurationPlatforms) = preSolution
		Debug|Any CPU = Debug|Any CPU
		Release|Any CPU = Release|Any CPU
	EndGlobalSection
	GlobalSection(ProjectConfigurationPlatforms) = postSolution
		{853B3DA6-C098-40C0-978B-1258198E5731}.Debug|Any CPU.ActiveCfg = Debug|Any CPU
		{853B3DA6-C098-40C0-978B-1258198E5731}.Debug|Any CPU.Build.0 = Debug|Any CPU
		{853B3DA6-C098-40C0-978B-1258198E5731}.Release|Any CPU.ActiveCfg = Release|Any CPU
		{853B3DA6-C098-40C0-978B-1258198E5731}.Release|Any CPU.Build.0 = Release|Any CPU
	EndGlobalSection
	GlobalSection(SolutionProperties) = preSolution
		HideSolutionNode = FALSE
	EndGlobalSection
	GlobalSection(ExtensibilityGlobals) = postSolution
		SolutionGuid = {AB1C2E60-F8E9-463F-9B80-DD8607071004}
	EndGlobalSection
EndGlobal
